
Microsoft Visual Studio Solution File, Format Version 12.00
# Visual Studio Version 17
VisualStudioVersion = 17.11.35327.3
MinimumVisualStudioVersion = 10.0.40219.1
Project("{FAE04EC0-301F-11D3-BF4B-00C04F79EFBC}") = "Teszt", "Teszt\Teszt.csproj", "{EC51DDC9-793D-49C9-85B2-B7DCB602F965}"
EndProject
Project("{FAE04EC0-301F-11D3-BF4B-00C04F79EFBC}") = "Prefix", "Prefix\Prefix.csproj", "{60E9A643-FB31-42D4-A0FE-079624AC09E4}"
EndProject
Project("{FAE04EC0-301F-11D3-BF4B-00C04F79EFBC}") = "Haág", "Haág\Haág.csproj", "{9C118F02-CF07-4C02-AD23-166DC309B317}"
EndProject
Project("{FAE04EC0-301F-11D3-BF4B-00C04F79EFBC}") = "Szinek", "Szinek\Szinek.csproj", "{0A3FA00B-95C7-4548-B7DA-BC4A3F4E3551}"
EndProject
Project("{FAE04EC0-301F-11D3-BF4B-00C04F79EFBC}") = "Korhasab", "Korhasab\Korhasab.csproj", "{39188EE9-0F39-496E-9DDA-7981D56EBD06}"
EndProject
Project("{FAE04EC0-301F-11D3-BF4B-00C04F79EFBC}") = "NegyszogOOP", "Negyszog\NegyszogOOP\NegyszogOOP.csproj", "{29AD9D29-1CB6-4E57-905D-6E5766040FE4}"
EndProject
Project("{FAE04EC0-301F-11D3-BF4B-00C04F79EFBC}") = "TobbElem", "TobbElem\TobbElem\TobbElem.csproj", "{D3EAC23A-DB72-4963-88E4-DB3F09C9F559}"
EndProject
Project("{FAE04EC0-301F-11D3-BF4B-00C04F79EFBC}") = "Teglalap", "Teglalap\Teglalap.csproj", "{BA6095C4-7CBA-497F-B103-92A5D373F7D6}"
EndProject
Project("{FAE04EC0-301F-11D3-BF4B-00C04F79EFBC}") = "HaromszogTipusaOOP", "HaromszogTipusaOOP\HaromszogTipusaOOP.csproj", "{E7FD2668-58C9-4C1E-B9C3-71D644908BCB}"
EndProject
Project("{FAE04EC0-301F-11D3-BF4B-00C04F79EFBC}") = "kivetel", "kivetel\kivetel.csproj", "{EFC696F9-253D-4871-AB55-B67DEF2B0CC5}"
EndProject
Project("{FAE04EC0-301F-11D3-BF4B-00C04F79EFBC}") = "szoft-tesztóra", "szoft.-teszt.óra\szoft-tesztóra.csproj", "{0B336B64-B230-432E-ACCB-ABE82AF8687F}"
EndProject
Project("{FAE04EC0-301F-11D3-BF4B-00C04F79EFBC}") = "szoft-teszt12.04", "szoft-teszt12.04\szoft-teszt12.04.csproj", "{72BF1EB3-BF1C-4442-AC43-E3FDE5D087A6}"
EndProject
Project("{FAE04EC0-301F-11D3-BF4B-00C04F79EFBC}") = "Varosok", "Varosok\Varosok.csproj", "{3E7B218D-619E-4533-8138-8D3AAD3E6238}"
EndProject
Project("{FAE04EC0-301F-11D3-BF4B-00C04F79EFBC}") = "szofteszt-doga01.08", "szofteszt-doga01.08\szofteszt-doga01.08.csproj", "{43B60031-4212-4AFA-A988-9B80B4023B85}"
EndProject
Project("{FAE04EC0-301F-11D3-BF4B-00C04F79EFBC}") = "PoliformOOP", "PoliformOOP\PoliformOOP.csproj", "{696DEE72-ED0D-41CB-80E8-F81BDB4EC4AE}"
EndProject
Project("{FAE04EC0-301F-11D3-BF4B-00C04F79EFBC}") = "SetterGetter", "SetterGetter\SetterGetter.csproj", "{88B6E8A7-8596-4BB2-A277-55A8E712B79E}"
EndProject
Project("{FAE04EC0-301F-11D3-BF4B-00C04F79EFBC}") = "szofteszt01.15", "szofteszt01.15\szofteszt01.15.csproj", "{723474D1-92C7-4D42-A9E1-7D419D1BF71F}"
EndProject
Project("{FAE04EC0-301F-11D3-BF4B-00C04F79EFBC}") = "PropertiesProg", "PropertiesProg\PropertiesProg.csproj", "{27F13E27-8ECA-4D3D-B694-B30427B9EEE5}"
EndProject
Project("{FAE04EC0-301F-11D3-BF4B-00C04F79EFBC}") = "OroklesProg", "OroklesProg\OroklesProg.csproj", "{4695FA75-66C7-4E62-B4EC-B55C7C5EBF77}"
EndProject
Project("{FAE04EC0-301F-11D3-BF4B-00C04F79EFBC}") = "Abstract", "Abstract\Abstract.csproj", "{B9589BD3-1F8C-4488-AFCD-01AECBC747D6}"
EndProject
Project("{FAE04EC0-301F-11D3-BF4B-00C04F79EFBC}") = "szofteszt-02.05", "szofteszt-02.05\szofteszt-02.05.csproj", "{57D33884-AA4D-4B4C-B2AD-38CBB621BD81}"
EndProject
Project("{FAE04EC0-301F-11D3-BF4B-00C04F79EFBC}") = "WindowsFormsApp1", "WindowsFormsApp1\WindowsFormsApp1.csproj", "{2E5113CE-84BE-4ADA-BDE5-94B8152239E6}"
EndProject
Project("{FAE04EC0-301F-11D3-BF4B-00C04F79EFBC}") = "szofteszt02.12", "szofteszt02.12\szofteszt02.12.csproj", "{B725762A-D016-4D59-8572-51BFB04FA0FC}"
EndProject
Project("{FAE04EC0-301F-11D3-BF4B-00C04F79EFBC}") = "TextAlign-Form", "TextAlign-Form\TextAlign-Form.csproj", "{B2C4ED55-019C-4C57-977D-A97FBEBA0F82}"
EndProject
Project("{FAE04EC0-301F-11D3-BF4B-00C04F79EFBC}") = "Kurzor-Form", "Kurzor-Form\Kurzor-Form.csproj", "{C9C89194-7222-442F-B01E-708557AF9B3F}"
EndProject
Project("{FAE04EC0-301F-11D3-BF4B-00C04F79EFBC}") = "Formmozg", "Formmozg\Formmozg.csproj", "{5CBFC63D-88F0-4029-B9E7-E0282F954433}"
EndProject
Project("{FAE04EC0-301F-11D3-BF4B-00C04F79EFBC}") = "szofteszt-02.19", "szofteszt-02.19\szofteszt-02.19.csproj", "{EF6E0B36-9689-4319-BD54-F2D6A131108F}"
EndProject
Global
	GlobalSection(SolutionConfigurationPlatforms) = preSolution
		Debug|Any CPU = Debug|Any CPU
		Release|Any CPU = Release|Any CPU
	EndGlobalSection
	GlobalSection(ProjectConfigurationPlatforms) = postSolution
		{EC51DDC9-793D-49C9-85B2-B7DCB602F965}.Debug|Any CPU.ActiveCfg = Debug|Any CPU
		{EC51DDC9-793D-49C9-85B2-B7DCB602F965}.Debug|Any CPU.Build.0 = Debug|Any CPU
		{EC51DDC9-793D-49C9-85B2-B7DCB602F965}.Release|Any CPU.ActiveCfg = Release|Any CPU
		{EC51DDC9-793D-49C9-85B2-B7DCB602F965}.Release|Any CPU.Build.0 = Release|Any CPU
		{60E9A643-FB31-42D4-A0FE-079624AC09E4}.Debug|Any CPU.ActiveCfg = Debug|Any CPU
		{60E9A643-FB31-42D4-A0FE-079624AC09E4}.Debug|Any CPU.Build.0 = Debug|Any CPU
		{60E9A643-FB31-42D4-A0FE-079624AC09E4}.Release|Any CPU.ActiveCfg = Release|Any CPU
		{60E9A643-FB31-42D4-A0FE-079624AC09E4}.Release|Any CPU.Build.0 = Release|Any CPU
		{9C118F02-CF07-4C02-AD23-166DC309B317}.Debug|Any CPU.ActiveCfg = Debug|Any CPU
		{9C118F02-CF07-4C02-AD23-166DC309B317}.Debug|Any CPU.Build.0 = Debug|Any CPU
		{9C118F02-CF07-4C02-AD23-166DC309B317}.Release|Any CPU.ActiveCfg = Release|Any CPU
		{9C118F02-CF07-4C02-AD23-166DC309B317}.Release|Any CPU.Build.0 = Release|Any CPU
		{0A3FA00B-95C7-4548-B7DA-BC4A3F4E3551}.Debug|Any CPU.ActiveCfg = Debug|Any CPU
		{0A3FA00B-95C7-4548-B7DA-BC4A3F4E3551}.Debug|Any CPU.Build.0 = Debug|Any CPU
		{0A3FA00B-95C7-4548-B7DA-BC4A3F4E3551}.Release|Any CPU.ActiveCfg = Release|Any CPU
		{0A3FA00B-95C7-4548-B7DA-BC4A3F4E3551}.Release|Any CPU.Build.0 = Release|Any CPU
		{39188EE9-0F39-496E-9DDA-7981D56EBD06}.Debug|Any CPU.ActiveCfg = Debug|Any CPU
		{39188EE9-0F39-496E-9DDA-7981D56EBD06}.Debug|Any CPU.Build.0 = Debug|Any CPU
		{39188EE9-0F39-496E-9DDA-7981D56EBD06}.Release|Any CPU.ActiveCfg = Release|Any CPU
		{39188EE9-0F39-496E-9DDA-7981D56EBD06}.Release|Any CPU.Build.0 = Release|Any CPU
		{29AD9D29-1CB6-4E57-905D-6E5766040FE4}.Debug|Any CPU.ActiveCfg = Debug|Any CPU
		{29AD9D29-1CB6-4E57-905D-6E5766040FE4}.Debug|Any CPU.Build.0 = Debug|Any CPU
		{29AD9D29-1CB6-4E57-905D-6E5766040FE4}.Release|Any CPU.ActiveCfg = Release|Any CPU
		{29AD9D29-1CB6-4E57-905D-6E5766040FE4}.Release|Any CPU.Build.0 = Release|Any CPU
		{D3EAC23A-DB72-4963-88E4-DB3F09C9F559}.Debug|Any CPU.ActiveCfg = Debug|Any CPU
		{D3EAC23A-DB72-4963-88E4-DB3F09C9F559}.Debug|Any CPU.Build.0 = Debug|Any CPU
		{D3EAC23A-DB72-4963-88E4-DB3F09C9F559}.Release|Any CPU.ActiveCfg = Release|Any CPU
		{D3EAC23A-DB72-4963-88E4-DB3F09C9F559}.Release|Any CPU.Build.0 = Release|Any CPU
		{BA6095C4-7CBA-497F-B103-92A5D373F7D6}.Debug|Any CPU.ActiveCfg = Debug|Any CPU
		{BA6095C4-7CBA-497F-B103-92A5D373F7D6}.Debug|Any CPU.Build.0 = Debug|Any CPU
		{BA6095C4-7CBA-497F-B103-92A5D373F7D6}.Release|Any CPU.ActiveCfg = Release|Any CPU
		{BA6095C4-7CBA-497F-B103-92A5D373F7D6}.Release|Any CPU.Build.0 = Release|Any CPU
		{E7FD2668-58C9-4C1E-B9C3-71D644908BCB}.Debug|Any CPU.ActiveCfg = Debug|Any CPU
		{E7FD2668-58C9-4C1E-B9C3-71D644908BCB}.Debug|Any CPU.Build.0 = Debug|Any CPU
		{E7FD2668-58C9-4C1E-B9C3-71D644908BCB}.Release|Any CPU.ActiveCfg = Release|Any CPU
		{E7FD2668-58C9-4C1E-B9C3-71D644908BCB}.Release|Any CPU.Build.0 = Release|Any CPU
		{EFC696F9-253D-4871-AB55-B67DEF2B0CC5}.Debug|Any CPU.ActiveCfg = Debug|Any CPU
		{EFC696F9-253D-4871-AB55-B67DEF2B0CC5}.Debug|Any CPU.Build.0 = Debug|Any CPU
		{EFC696F9-253D-4871-AB55-B67DEF2B0CC5}.Release|Any CPU.ActiveCfg = Release|Any CPU
		{EFC696F9-253D-4871-AB55-B67DEF2B0CC5}.Release|Any CPU.Build.0 = Release|Any CPU
		{0B336B64-B230-432E-ACCB-ABE82AF8687F}.Debug|Any CPU.ActiveCfg = Debug|Any CPU
		{0B336B64-B230-432E-ACCB-ABE82AF8687F}.Debug|Any CPU.Build.0 = Debug|Any CPU
		{0B336B64-B230-432E-ACCB-ABE82AF8687F}.Release|Any CPU.ActiveCfg = Release|Any CPU
		{0B336B64-B230-432E-ACCB-ABE82AF8687F}.Release|Any CPU.Build.0 = Release|Any CPU
		{72BF1EB3-BF1C-4442-AC43-E3FDE5D087A6}.Debug|Any CPU.ActiveCfg = Debug|Any CPU
		{72BF1EB3-BF1C-4442-AC43-E3FDE5D087A6}.Debug|Any CPU.Build.0 = Debug|Any CPU
		{72BF1EB3-BF1C-4442-AC43-E3FDE5D087A6}.Release|Any CPU.ActiveCfg = Release|Any CPU
		{72BF1EB3-BF1C-4442-AC43-E3FDE5D087A6}.Release|Any CPU.Build.0 = Release|Any CPU
		{3E7B218D-619E-4533-8138-8D3AAD3E6238}.Debug|Any CPU.ActiveCfg = Debug|Any CPU
		{3E7B218D-619E-4533-8138-8D3AAD3E6238}.Debug|Any CPU.Build.0 = Debug|Any CPU
		{3E7B218D-619E-4533-8138-8D3AAD3E6238}.Release|Any CPU.ActiveCfg = Release|Any CPU
		{3E7B218D-619E-4533-8138-8D3AAD3E6238}.Release|Any CPU.Build.0 = Release|Any CPU
		{43B60031-4212-4AFA-A988-9B80B4023B85}.Debug|Any CPU.ActiveCfg = Debug|Any CPU
		{43B60031-4212-4AFA-A988-9B80B4023B85}.Debug|Any CPU.Build.0 = Debug|Any CPU
		{43B60031-4212-4AFA-A988-9B80B4023B85}.Release|Any CPU.ActiveCfg = Release|Any CPU
		{43B60031-4212-4AFA-A988-9B80B4023B85}.Release|Any CPU.Build.0 = Release|Any CPU
		{696DEE72-ED0D-41CB-80E8-F81BDB4EC4AE}.Debug|Any CPU.ActiveCfg = Debug|Any CPU
		{696DEE72-ED0D-41CB-80E8-F81BDB4EC4AE}.Debug|Any CPU.Build.0 = Debug|Any CPU
		{696DEE72-ED0D-41CB-80E8-F81BDB4EC4AE}.Release|Any CPU.ActiveCfg = Release|Any CPU
		{696DEE72-ED0D-41CB-80E8-F81BDB4EC4AE}.Release|Any CPU.Build.0 = Release|Any CPU
		{88B6E8A7-8596-4BB2-A277-55A8E712B79E}.Debug|Any CPU.ActiveCfg = Debug|Any CPU
		{88B6E8A7-8596-4BB2-A277-55A8E712B79E}.Debug|Any CPU.Build.0 = Debug|Any CPU
		{88B6E8A7-8596-4BB2-A277-55A8E712B79E}.Release|Any CPU.ActiveCfg = Release|Any CPU
		{88B6E8A7-8596-4BB2-A277-55A8E712B79E}.Release|Any CPU.Build.0 = Release|Any CPU
		{723474D1-92C7-4D42-A9E1-7D419D1BF71F}.Debug|Any CPU.ActiveCfg = Debug|Any CPU
		{723474D1-92C7-4D42-A9E1-7D419D1BF71F}.Debug|Any CPU.Build.0 = Debug|Any CPU
		{723474D1-92C7-4D42-A9E1-7D419D1BF71F}.Release|Any CPU.ActiveCfg = Release|Any CPU
		{723474D1-92C7-4D42-A9E1-7D419D1BF71F}.Release|Any CPU.Build.0 = Release|Any CPU
		{27F13E27-8ECA-4D3D-B694-B30427B9EEE5}.Debug|Any CPU.ActiveCfg = Debug|Any CPU
		{27F13E27-8ECA-4D3D-B694-B30427B9EEE5}.Debug|Any CPU.Build.0 = Debug|Any CPU
		{27F13E27-8ECA-4D3D-B694-B30427B9EEE5}.Release|Any CPU.ActiveCfg = Release|Any CPU
		{27F13E27-8ECA-4D3D-B694-B30427B9EEE5}.Release|Any CPU.Build.0 = Release|Any CPU
		{4695FA75-66C7-4E62-B4EC-B55C7C5EBF77}.Debug|Any CPU.ActiveCfg = Debug|Any CPU
		{4695FA75-66C7-4E62-B4EC-B55C7C5EBF77}.Debug|Any CPU.Build.0 = Debug|Any CPU
		{4695FA75-66C7-4E62-B4EC-B55C7C5EBF77}.Release|Any CPU.ActiveCfg = Release|Any CPU
		{4695FA75-66C7-4E62-B4EC-B55C7C5EBF77}.Release|Any CPU.Build.0 = Release|Any CPU
		{B9589BD3-1F8C-4488-AFCD-01AECBC747D6}.Debug|Any CPU.ActiveCfg = Debug|Any CPU
		{B9589BD3-1F8C-4488-AFCD-01AECBC747D6}.Debug|Any CPU.Build.0 = Debug|Any CPU
		{B9589BD3-1F8C-4488-AFCD-01AECBC747D6}.Release|Any CPU.ActiveCfg = Release|Any CPU
		{B9589BD3-1F8C-4488-AFCD-01AECBC747D6}.Release|Any CPU.Build.0 = Release|Any CPU
		{57D33884-AA4D-4B4C-B2AD-38CBB621BD81}.Debug|Any CPU.ActiveCfg = Debug|Any CPU
		{57D33884-AA4D-4B4C-B2AD-38CBB621BD81}.Debug|Any CPU.Build.0 = Debug|Any CPU
		{57D33884-AA4D-4B4C-B2AD-38CBB621BD81}.Release|Any CPU.ActiveCfg = Release|Any CPU
		{57D33884-AA4D-4B4C-B2AD-38CBB621BD81}.Release|Any CPU.Build.0 = Release|Any CPU
		{2E5113CE-84BE-4ADA-BDE5-94B8152239E6}.Debug|Any CPU.ActiveCfg = Debug|Any CPU
		{2E5113CE-84BE-4ADA-BDE5-94B8152239E6}.Debug|Any CPU.Build.0 = Debug|Any CPU
		{2E5113CE-84BE-4ADA-BDE5-94B8152239E6}.Release|Any CPU.ActiveCfg = Release|Any CPU
		{2E5113CE-84BE-4ADA-BDE5-94B8152239E6}.Release|Any CPU.Build.0 = Release|Any CPU
		{B725762A-D016-4D59-8572-51BFB04FA0FC}.Debug|Any CPU.ActiveCfg = Debug|Any CPU
		{B725762A-D016-4D59-8572-51BFB04FA0FC}.Debug|Any CPU.Build.0 = Debug|Any CPU
		{B725762A-D016-4D59-8572-51BFB04FA0FC}.Release|Any CPU.ActiveCfg = Release|Any CPU
		{B725762A-D016-4D59-8572-51BFB04FA0FC}.Release|Any CPU.Build.0 = Release|Any CPU
		{B2C4ED55-019C-4C57-977D-A97FBEBA0F82}.Debug|Any CPU.ActiveCfg = Debug|Any CPU
		{B2C4ED55-019C-4C57-977D-A97FBEBA0F82}.Debug|Any CPU.Build.0 = Debug|Any CPU
		{B2C4ED55-019C-4C57-977D-A97FBEBA0F82}.Release|Any CPU.ActiveCfg = Release|Any CPU
		{B2C4ED55-019C-4C57-977D-A97FBEBA0F82}.Release|Any CPU.Build.0 = Release|Any CPU
		{C9C89194-7222-442F-B01E-708557AF9B3F}.Debug|Any CPU.ActiveCfg = Debug|Any CPU
		{C9C89194-7222-442F-B01E-708557AF9B3F}.Debug|Any CPU.Build.0 = Debug|Any CPU
		{C9C89194-7222-442F-B01E-708557AF9B3F}.Release|Any CPU.ActiveCfg = Release|Any CPU
		{C9C89194-7222-442F-B01E-708557AF9B3F}.Release|Any CPU.Build.0 = Release|Any CPU
		{5CBFC63D-88F0-4029-B9E7-E0282F954433}.Debug|Any CPU.ActiveCfg = Debug|Any CPU
		{5CBFC63D-88F0-4029-B9E7-E0282F954433}.Debug|Any CPU.Build.0 = Debug|Any CPU
		{5CBFC63D-88F0-4029-B9E7-E0282F954433}.Release|Any CPU.ActiveCfg = Release|Any CPU
		{5CBFC63D-88F0-4029-B9E7-E0282F954433}.Release|Any CPU.Build.0 = Release|Any CPU
		{EF6E0B36-9689-4319-BD54-F2D6A131108F}.Debug|Any CPU.ActiveCfg = Debug|Any CPU
		{EF6E0B36-9689-4319-BD54-F2D6A131108F}.Debug|Any CPU.Build.0 = Debug|Any CPU
		{EF6E0B36-9689-4319-BD54-F2D6A131108F}.Release|Any CPU.ActiveCfg = Release|Any CPU
		{EF6E0B36-9689-4319-BD54-F2D6A131108F}.Release|Any CPU.Build.0 = Release|Any CPU
	EndGlobalSection
	GlobalSection(SolutionProperties) = preSolution
		HideSolutionNode = FALSE
	EndGlobalSection
	GlobalSection(ExtensibilityGlobals) = postSolution
		SolutionGuid = {BA168579-3C30-4970-9990-F1939B04B1D2}
	EndGlobalSection
EndGlobal
