
Microsoft Visual Studio Solution File, Format Version 12.00
# Visual Studio Version 16
VisualStudioVersion = 16.0.34301.259
MinimumVisualStudioVersion = 10.0.40219.1
Project("{FAE04EC0-301F-11D3-BF4B-00C04F79EFBC}") = "Teszt", "Teszt\Teszt.csproj", "{EC51DDC9-793D-49C9-85B2-B7DCB602F965}"
EndProject
Project("{FAE04EC0-301F-11D3-BF4B-00C04F79EFBC}") = "Prefix", "Prefix\Prefix.csproj", "{60E9A643-FB31-42D4-A0FE-079624AC09E4}"
EndProject
Project("{FAE04EC0-301F-11D3-BF4B-00C04F79EFBC}") = "Haág", "Haág\Haág.csproj", "{9C118F02-CF07-4C02-AD23-166DC309B317}"
EndProject
Project("{FAE04EC0-301F-11D3-BF4B-00C04F79EFBC}") = "Szinek", "Szinek\Szinek.csproj", "{0A3FA00B-95C7-4548-B7DA-BC4A3F4E3551}"
EndProject
Project("{FAE04EC0-301F-11D3-BF4B-00C04F79EFBC}") = "Korhasab", "Korhasab\Korhasab.csproj", "{39188EE9-0F39-496E-9DDA-7981D56EBD06}"
EndProject
Project("{FAE04EC0-301F-11D3-BF4B-00C04F79EFBC}") = "MatrixOOp", "Matrix\MatrixOOp\MatrixOOp.csproj", "{0BB3C638-3301-47F3-8A52-F0EE74DCD402}"
EndProject
Project("{FAE04EC0-301F-11D3-BF4B-00C04F79EFBC}") = "NegyszogOOP", "Negyszog\NegyszogOOP\NegyszogOOP.csproj", "{29AD9D29-1CB6-4E57-905D-6E5766040FE4}"
EndProject
Project("{FAE04EC0-301F-11D3-BF4B-00C04F79EFBC}") = "TobbElem", "TobbElem\TobbElem\TobbElem.csproj", "{D3EAC23A-DB72-4963-88E4-DB3F09C9F559}"
EndProject
Project("{FAE04EC0-301F-11D3-BF4B-00C04F79EFBC}") = "Teglalap", "Teglalap\Teglalap.csproj", "{BA6095C4-7CBA-497F-B103-92A5D373F7D6}"
EndProject
Project("{FAE04EC0-301F-11D3-BF4B-00C04F79EFBC}") = "szofteszt-alakzat", "szofteszt-alakzat\szofteszt-alakzat.csproj", "{DDBA295E-EEA8-4C20-9795-A339C7AFF62B}"
EndProject
Project("{FAE04EC0-301F-11D3-BF4B-00C04F79EFBC}") = "HaromszogTipusaOOP", "HaromszogTipusaOOP\HaromszogTipusaOOP.csproj", "{E7FD2668-58C9-4C1E-B9C3-71D644908BCB}"
EndProject
Global
	GlobalSection(SolutionConfigurationPlatforms) = preSolution
		Debug|Any CPU = Debug|Any CPU
		Release|Any CPU = Release|Any CPU
	EndGlobalSection
	GlobalSection(ProjectConfigurationPlatforms) = postSolution
		{EC51DDC9-793D-49C9-85B2-B7DCB602F965}.Debug|Any CPU.ActiveCfg = Debug|Any CPU
		{EC51DDC9-793D-49C9-85B2-B7DCB602F965}.Debug|Any CPU.Build.0 = Debug|Any CPU
		{EC51DDC9-793D-49C9-85B2-B7DCB602F965}.Release|Any CPU.ActiveCfg = Release|Any CPU
		{EC51DDC9-793D-49C9-85B2-B7DCB602F965}.Release|Any CPU.Build.0 = Release|Any CPU
		{60E9A643-FB31-42D4-A0FE-079624AC09E4}.Debug|Any CPU.ActiveCfg = Debug|Any CPU
		{60E9A643-FB31-42D4-A0FE-079624AC09E4}.Debug|Any CPU.Build.0 = Debug|Any CPU
		{60E9A643-FB31-42D4-A0FE-079624AC09E4}.Release|Any CPU.ActiveCfg = Release|Any CPU
		{60E9A643-FB31-42D4-A0FE-079624AC09E4}.Release|Any CPU.Build.0 = Release|Any CPU
		{9C118F02-CF07-4C02-AD23-166DC309B317}.Debug|Any CPU.ActiveCfg = Debug|Any CPU
		{9C118F02-CF07-4C02-AD23-166DC309B317}.Debug|Any CPU.Build.0 = Debug|Any CPU
		{9C118F02-CF07-4C02-AD23-166DC309B317}.Release|Any CPU.ActiveCfg = Release|Any CPU
		{9C118F02-CF07-4C02-AD23-166DC309B317}.Release|Any CPU.Build.0 = Release|Any CPU
		{0A3FA00B-95C7-4548-B7DA-BC4A3F4E3551}.Debug|Any CPU.ActiveCfg = Debug|Any CPU
		{0A3FA00B-95C7-4548-B7DA-BC4A3F4E3551}.Debug|Any CPU.Build.0 = Debug|Any CPU
		{0A3FA00B-95C7-4548-B7DA-BC4A3F4E3551}.Release|Any CPU.ActiveCfg = Release|Any CPU
		{0A3FA00B-95C7-4548-B7DA-BC4A3F4E3551}.Release|Any CPU.Build.0 = Release|Any CPU
		{39188EE9-0F39-496E-9DDA-7981D56EBD06}.Debug|Any CPU.ActiveCfg = Debug|Any CPU
		{39188EE9-0F39-496E-9DDA-7981D56EBD06}.Debug|Any CPU.Build.0 = Debug|Any CPU
		{39188EE9-0F39-496E-9DDA-7981D56EBD06}.Release|Any CPU.ActiveCfg = Release|Any CPU
		{39188EE9-0F39-496E-9DDA-7981D56EBD06}.Release|Any CPU.Build.0 = Release|Any CPU
		{0BB3C638-3301-47F3-8A52-F0EE74DCD402}.Debug|Any CPU.ActiveCfg = Debug|Any CPU
		{0BB3C638-3301-47F3-8A52-F0EE74DCD402}.Debug|Any CPU.Build.0 = Debug|Any CPU
		{0BB3C638-3301-47F3-8A52-F0EE74DCD402}.Release|Any CPU.ActiveCfg = Release|Any CPU
		{0BB3C638-3301-47F3-8A52-F0EE74DCD402}.Release|Any CPU.Build.0 = Release|Any CPU
		{29AD9D29-1CB6-4E57-905D-6E5766040FE4}.Debug|Any CPU.ActiveCfg = Debug|Any CPU
		{29AD9D29-1CB6-4E57-905D-6E5766040FE4}.Debug|Any CPU.Build.0 = Debug|Any CPU
		{29AD9D29-1CB6-4E57-905D-6E5766040FE4}.Release|Any CPU.ActiveCfg = Release|Any CPU
		{29AD9D29-1CB6-4E57-905D-6E5766040FE4}.Release|Any CPU.Build.0 = Release|Any CPU
		{D3EAC23A-DB72-4963-88E4-DB3F09C9F559}.Debug|Any CPU.ActiveCfg = Debug|Any CPU
		{D3EAC23A-DB72-4963-88E4-DB3F09C9F559}.Debug|Any CPU.Build.0 = Debug|Any CPU
		{D3EAC23A-DB72-4963-88E4-DB3F09C9F559}.Release|Any CPU.ActiveCfg = Release|Any CPU
		{D3EAC23A-DB72-4963-88E4-DB3F09C9F559}.Release|Any CPU.Build.0 = Release|Any CPU
		{BA6095C4-7CBA-497F-B103-92A5D373F7D6}.Debug|Any CPU.ActiveCfg = Debug|Any CPU
		{BA6095C4-7CBA-497F-B103-92A5D373F7D6}.Debug|Any CPU.Build.0 = Debug|Any CPU
		{BA6095C4-7CBA-497F-B103-92A5D373F7D6}.Release|Any CPU.ActiveCfg = Release|Any CPU
		{BA6095C4-7CBA-497F-B103-92A5D373F7D6}.Release|Any CPU.Build.0 = Release|Any CPU
		{DDBA295E-EEA8-4C20-9795-A339C7AFF62B}.Debug|Any CPU.ActiveCfg = Debug|Any CPU
		{DDBA295E-EEA8-4C20-9795-A339C7AFF62B}.Debug|Any CPU.Build.0 = Debug|Any CPU
		{DDBA295E-EEA8-4C20-9795-A339C7AFF62B}.Release|Any CPU.ActiveCfg = Release|Any CPU
		{DDBA295E-EEA8-4C20-9795-A339C7AFF62B}.Release|Any CPU.Build.0 = Release|Any CPU
		{E7FD2668-58C9-4C1E-B9C3-71D644908BCB}.Debug|Any CPU.ActiveCfg = Debug|Any CPU
		{E7FD2668-58C9-4C1E-B9C3-71D644908BCB}.Debug|Any CPU.Build.0 = Debug|Any CPU
		{E7FD2668-58C9-4C1E-B9C3-71D644908BCB}.Release|Any CPU.ActiveCfg = Release|Any CPU
		{E7FD2668-58C9-4C1E-B9C3-71D644908BCB}.Release|Any CPU.Build.0 = Release|Any CPU
	EndGlobalSection
	GlobalSection(SolutionProperties) = preSolution
		HideSolutionNode = FALSE
	EndGlobalSection
	GlobalSection(ExtensibilityGlobals) = postSolution
		SolutionGuid = {BA168579-3C30-4970-9990-F1939B04B1D2}
	EndGlobalSection
EndGlobal
